PODS:
  - Alamofire (4.7.3)
  - Kingfisher (4.8.1)
  - PromiseKit (6.3.4):
    - PromiseKit/CorePromise (= 6.3.4)
    - PromiseKit/Foundation (= 6.3.4)
    - PromiseKit/UIKit (= 6.3.4)
  - PromiseKit/CorePromise (6.3.4)
  - PromiseKit/Foundation (6.3.4):
    - PromiseKit/CorePromise
  - PromiseKit/UIKit (6.3.4):
    - PromiseKit/CorePromise
  - Reusable (4.0.2):
    - Reusable/Storyboard (= 4.0.2)
    - Reusable/View (= 4.0.2)
  - Reusable/Storyboard (4.0.2)
  - Reusable/View (4.0.2)
  - RxAlamofire (4.2.0):
    - RxAlamofire/Core (= 4.2.0)
  - RxAlamofire/Core (4.2.0):
    - Alamofire (~> 4.5)
    - RxSwift (~> 4)
  - RxCocoa (4.2.0):
    - RxSwift (~> 4.0)
  - RxSwift (4.2.0)
  - SnapKit (4.0.0)
  - SwiftLint (0.27.0)
  - SwiftyGif (4.1.0)

DEPENDENCIES:
  - Alamofire
  - Kingfisher (~> 4.8)
  - PromiseKit
  - Reusable (~> 4.0)
  - RxAlamofire
  - RxCocoa
  - RxSwift
  - SnapKit (~> 4.0)
  - SwiftLint
  - SwiftyGif

SPEC REPOS:
  https://github.com/cocoapods/specs.git:
    - Alamofire
    - Kingfisher
    - PromiseKit
    - Reusable
    - RxAlamofire
    - RxCocoa
    - RxSwift
    - SnapKit
    - SwiftLint
    - SwiftyGif

SPEC CHECKSUMS:
  Alamofire: c7287b6e5d7da964a70935e5db17046b7fde6568
  Kingfisher: 868c1149679a7ab6869be118faa9b5aed154aaf0
  PromiseKit: e1425568123ec844a944c93f2bcb29d511d39cf5
  Reusable: 584a5629747c52e0f6a77841b400dc2643f6fa0f
  RxAlamofire: 87a9c588541210cc3e4a1f843ccc3ecf3eb98b31
  RxCocoa: 0b54909c902e1e581212a03e690bbd94032d8baa
  RxSwift: 99e10317ddfcc7fbe01356aafd118fde4a0be104
  SnapKit: a42d492c16e80209130a3379f73596c3454b7694
  SwiftLint: 3207c1faa2240bf8973b191820a116113cd11073
  SwiftyGif: d36c6dfb52e2ca1e48fe349d225f50ec4123ec85

PODFILE CHECKSUM: 903dcdb028e46b033700f9003f6a8d6240a92d6c

COCOAPODS: 1.5.3
