// !$*UTF8*$!
{
	archiveVersion = 1;
	classes = {
	};
	objectVersion = 50;
	objects = {

/* Begin PBXBuildFile section */
		5517B205212204DC00BB150B /* AppDelegate.swift in Sources */ = {isa = PBXBuildFile; fileRef = 5517B204212204DC00BB150B /* AppDelegate.swift */; };
		5517B20C212204DD00BB150B /* Assets.xcassets in Resources */ = {isa = PBXBuildFile; fileRef = 5517B20B212204DD00BB150B /* Assets.xcassets */; };
		5517B2252122055C00BB150B /* RemoteAPI.swift in Sources */ = {isa = PBXBuildFile; fileRef = 5517B21B2122055C00BB150B /* RemoteAPI.swift */; };
		5517B2262122055C00BB150B /* Requestable.swift in Sources */ = {isa = PBXBuildFile; fileRef = 5517B21C2122055C00BB150B /* Requestable.swift */; };
		5517B22B2122055C00BB150B /* Route.swift in Sources */ = {isa = PBXBuildFile; fileRef = 5517B2222122055C00BB150B /* Route.swift */; };
		5517B2312122056F00BB150B /* LaunchScreen.storyboard in Resources */ = {isa = PBXBuildFile; fileRef = 5517B22E2122056F00BB150B /* LaunchScreen.storyboard */; };
		5517B25A212205E500BB150B /* DependencyContainer.swift in Sources */ = {isa = PBXBuildFile; fileRef = 5517B241212205E500BB150B /* DependencyContainer.swift */; };
		5517B25F212205E500BB150B /* DependencyProvider.swift in Sources */ = {isa = PBXBuildFile; fileRef = 5517B249212205E500BB150B /* DependencyProvider.swift */; };
		5517B299212205ED00BB150B /* UIColor+Extensions.swift in Sources */ = {isa = PBXBuildFile; fileRef = 5517B26A212205ED00BB150B /* UIColor+Extensions.swift */; };
		5517B29B212205ED00BB150B /* UserDefaults+Extensions.swift in Sources */ = {isa = PBXBuildFile; fileRef = 5517B26C212205ED00BB150B /* UserDefaults+Extensions.swift */; };
		5517B2A4212205ED00BB150B /* View.swift in Sources */ = {isa = PBXBuildFile; fileRef = 5517B27B212205ED00BB150B /* View.swift */; };
		5517B2A5212205ED00BB150B /* LoaderViewable.swift in Sources */ = {isa = PBXBuildFile; fileRef = 5517B27C212205ED00BB150B /* LoaderViewable.swift */; };
		5517B2A6212205ED00BB150B /* Presenter.swift in Sources */ = {isa = PBXBuildFile; fileRef = 5517B27D212205ED00BB150B /* Presenter.swift */; };
		5517B2A7212205ED00BB150B /* DismissableView.swift in Sources */ = {isa = PBXBuildFile; fileRef = 5517B27E212205ED00BB150B /* DismissableView.swift */; };
		5517B2B92122112600BB150B /* TrendingListViewModel.swift in Sources */ = {isa = PBXBuildFile; fileRef = 5517B2B52122112600BB150B /* TrendingListViewModel.swift */; };
		5517B2BA2122112600BB150B /* TrendingListViewController.swift in Sources */ = {isa = PBXBuildFile; fileRef = 5517B2B62122112600BB150B /* TrendingListViewController.swift */; };
		5517B2BC2122112600BB150B /* TrendingListViewController.xib in Resources */ = {isa = PBXBuildFile; fileRef = 5517B2B82122112600BB150B /* TrendingListViewController.xib */; };
		5517B2BF212211EC00BB150B /* TrendingListViewControllerFactory.swift in Sources */ = {isa = PBXBuildFile; fileRef = 5517B2BE212211EC00BB150B /* TrendingListViewControllerFactory.swift */; };
		5517B2C2212219B700BB150B /* GiphyRepository.swift in Sources */ = {isa = PBXBuildFile; fileRef = 5517B2C1212219B700BB150B /* GiphyRepository.swift */; };
		5517B2C4212219EB00BB150B /* GIF.swift in Sources */ = {isa = PBXBuildFile; fileRef = 5517B2C3212219EB00BB150B /* GIF.swift */; };
		5517B2C621221A8600BB150B /* LoadTrendingListUseCase.swift in Sources */ = {isa = PBXBuildFile; fileRef = 5517B2C521221A8600BB150B /* LoadTrendingListUseCase.swift */; };
		553B8195216CF73900CB2B26 /* SearchViewModelTests.swift in Sources */ = {isa = PBXBuildFile; fileRef = 553B8194216CF73900CB2B26 /* SearchViewModelTests.swift */; };
		553D8022216E12E50079ECCD /* MockRemoteAPI.swift in Sources */ = {isa = PBXBuildFile; fileRef = 553D8021216E12E50079ECCD /* MockRemoteAPI.swift */; };
		553D802721708ADB0079ECCD /* SearchUseCaseMock.swift in Sources */ = {isa = PBXBuildFile; fileRef = 553D802621708ADB0079ECCD /* SearchUseCaseMock.swift */; };
		553D802921708FEB0079ECCD /* ModelsMock.swift in Sources */ = {isa = PBXBuildFile; fileRef = 553D802821708FEB0079ECCD /* ModelsMock.swift */; };
		556655FB212569CA008D162E /* GiphyAPI.swift in Sources */ = {isa = PBXBuildFile; fileRef = 556655FA212569CA008D162E /* GiphyAPI.swift */; };
		556655FF21257BD4008D162E /* RequestBuilder.swift in Sources */ = {isa = PBXBuildFile; fileRef = 556655FE21257BD4008D162E /* RequestBuilder.swift */; };
		556656012125966E008D162E /* GIFListResponse.swift in Sources */ = {isa = PBXBuildFile; fileRef = 556656002125966E008D162E /* GIFListResponse.swift */; };
		556656072125BC02008D162E /* GIFPreviewTableViewCell.swift in Sources */ = {isa = PBXBuildFile; fileRef = 556656052125BC02008D162E /* GIFPreviewTableViewCell.swift */; };
		556656082125BC02008D162E /* GIFPreviewTableViewCell.xib in Resources */ = {isa = PBXBuildFile; fileRef = 556656062125BC02008D162E /* GIFPreviewTableViewCell.xib */; };
		5566560A2125C0B4008D162E /* Media.swift in Sources */ = {isa = PBXBuildFile; fileRef = 556656092125C0B4008D162E /* Media.swift */; };
		5566560C2125C0FC008D162E /* Images.swift in Sources */ = {isa = PBXBuildFile; fileRef = 5566560B2125C0FC008D162E /* Images.swift */; };
		5566560E2126C0CA008D162E /* TabBarControllerFactory.swift in Sources */ = {isa = PBXBuildFile; fileRef = 5566560D2126C0CA008D162E /* TabBarControllerFactory.swift */; };
		556656172126F43E008D162E /* SearchViewModel.swift in Sources */ = {isa = PBXBuildFile; fileRef = 556656132126F43E008D162E /* SearchViewModel.swift */; };
		556656182126F43E008D162E /* SearchViewController.swift in Sources */ = {isa = PBXBuildFile; fileRef = 556656142126F43E008D162E /* SearchViewController.swift */; };
		5566561A2126F43E008D162E /* SearchViewController.xib in Resources */ = {isa = PBXBuildFile; fileRef = 556656162126F43E008D162E /* SearchViewController.xib */; };
		5566561D2126F45A008D162E /* SearchViewControllerFactory.swift in Sources */ = {isa = PBXBuildFile; fileRef = 5566561C2126F45A008D162E /* SearchViewControllerFactory.swift */; };
		5566561F21271AB4008D162E /* SearchUseCase.swift in Sources */ = {isa = PBXBuildFile; fileRef = 5566561E21271AB4008D162E /* SearchUseCase.swift */; };
		55665624212B44DA008D162E /* SearchViewModelFactory.swift in Sources */ = {isa = PBXBuildFile; fileRef = 55665623212B44DA008D162E /* SearchViewModelFactory.swift */; };
		55665626212B5DF9008D162E /* TrendingListViewModelFactory.swift in Sources */ = {isa = PBXBuildFile; fileRef = 55665625212B5DF9008D162E /* TrendingListViewModelFactory.swift */; };
		6919E673922A4EC311BF1A5A /* Pods_RxPlay.framework in Frameworks */ = {isa = PBXBuildFile; fileRef = 1F6AC5DECD583781BD8B1E0A /* Pods_RxPlay.framework */; };
		A8829C913B8BC854A33D64C2 /* Pods_RxPlayTests.framework in Frameworks */ = {isa = PBXBuildFile; fileRef = 94D69F9E1E53E094DCABB1CE /* Pods_RxPlayTests.framework */; };
/* End PBXBuildFile section */

/* Begin PBXContainerItemProxy section */
		553B818E216CF64700CB2B26 /* PBXContainerItemProxy */ = {
			isa = PBXContainerItemProxy;
			containerPortal = 5517B1F9212204DB00BB150B /* Project object */;
			proxyType = 1;
			remoteGlobalIDString = 5517B200212204DC00BB150B;
			remoteInfo = RxPlay;
		};
/* End PBXContainerItemProxy section */

/* Begin PBXFileReference section */
		16B6BC7FFCDF4E36BCFE3B26 /* Pods-RxPlay.release.xcconfig */ = {isa = PBXFileReference; includeInIndex = 1; lastKnownFileType = text.xcconfig; name = "Pods-RxPlay.release.xcconfig"; path = "Pods/Target Support Files/Pods-RxPlay/Pods-RxPlay.release.xcconfig"; sourceTree = "<group>"; };
		1F6AC5DECD583781BD8B1E0A /* Pods_RxPlay.framework */ = {isa = PBXFileReference; explicitFileType = wrapper.framework; includeInIndex = 0; path = Pods_RxPlay.framework; sourceTree = BUILT_PRODUCTS_DIR; };
		27C871628DF801A7587F50D5 /* Pods-RxPlay.debug.xcconfig */ = {isa = PBXFileReference; includeInIndex = 1; lastKnownFileType = text.xcconfig; name = "Pods-RxPlay.debug.xcconfig"; path = "Pods/Target Support Files/Pods-RxPlay/Pods-RxPlay.debug.xcconfig"; sourceTree = "<group>"; };
		5517B201212204DC00BB150B /* RxPlay.app */ = {isa = PBXFileReference; explicitFileType = wrapper.application; includeInIndex = 0; path = RxPlay.app; sourceTree = BUILT_PRODUCTS_DIR; };
		5517B204212204DC00BB150B /* AppDelegate.swift */ = {isa = PBXFileReference; lastKnownFileType = sourcecode.swift; path = AppDelegate.swift; sourceTree = "<group>"; };
		5517B20B212204DD00BB150B /* Assets.xcassets */ = {isa = PBXFileReference; lastKnownFileType = folder.assetcatalog; path = Assets.xcassets; sourceTree = "<group>"; };
		5517B210212204DD00BB150B /* Info.plist */ = {isa = PBXFileReference; lastKnownFileType = text.plist.xml; path = Info.plist; sourceTree = "<group>"; };
		5517B21B2122055C00BB150B /* RemoteAPI.swift */ = {isa = PBXFileReference; fileEncoding = 4; lastKnownFileType = sourcecode.swift; path = RemoteAPI.swift; sourceTree = "<group>"; };
		5517B21C2122055C00BB150B /* Requestable.swift */ = {isa = PBXFileReference; fileEncoding = 4; lastKnownFileType = sourcecode.swift; path = Requestable.swift; sourceTree = "<group>"; };
		5517B2222122055C00BB150B /* Route.swift */ = {isa = PBXFileReference; fileEncoding = 4; lastKnownFileType = sourcecode.swift; path = Route.swift; sourceTree = "<group>"; };
		5517B22F2122056F00BB150B /* Base */ = {isa = PBXFileReference; lastKnownFileType = file.storyboard; name = Base; path = Base.lproj/LaunchScreen.storyboard; sourceTree = "<group>"; };
		5517B241212205E500BB150B /* DependencyContainer.swift */ = {isa = PBXFileReference; fileEncoding = 4; lastKnownFileType = sourcecode.swift; path = DependencyContainer.swift; sourceTree = "<group>"; };
		5517B249212205E500BB150B /* DependencyProvider.swift */ = {isa = PBXFileReference; fileEncoding = 4; lastKnownFileType = sourcecode.swift; path = DependencyProvider.swift; sourceTree = "<group>"; };
		5517B26A212205ED00BB150B /* UIColor+Extensions.swift */ = {isa = PBXFileReference; fileEncoding = 4; lastKnownFileType = sourcecode.swift; path = "UIColor+Extensions.swift"; sourceTree = "<group>"; };
		5517B26C212205ED00BB150B /* UserDefaults+Extensions.swift */ = {isa = PBXFileReference; fileEncoding = 4; lastKnownFileType = sourcecode.swift; path = "UserDefaults+Extensions.swift"; sourceTree = "<group>"; };
		5517B27B212205ED00BB150B /* View.swift */ = {isa = PBXFileReference; fileEncoding = 4; lastKnownFileType = sourcecode.swift; path = View.swift; sourceTree = "<group>"; };
		5517B27C212205ED00BB150B /* LoaderViewable.swift */ = {isa = PBXFileReference; fileEncoding = 4; lastKnownFileType = sourcecode.swift; path = LoaderViewable.swift; sourceTree = "<group>"; };
		5517B27D212205ED00BB150B /* Presenter.swift */ = {isa = PBXFileReference; fileEncoding = 4; lastKnownFileType = sourcecode.swift; path = Presenter.swift; sourceTree = "<group>"; };
		5517B27E212205ED00BB150B /* DismissableView.swift */ = {isa = PBXFileReference; fileEncoding = 4; lastKnownFileType = sourcecode.swift; path = DismissableView.swift; sourceTree = "<group>"; };
		5517B2B52122112600BB150B /* TrendingListViewModel.swift */ = {isa = PBXFileReference; lastKnownFileType = sourcecode.swift; path = TrendingListViewModel.swift; sourceTree = "<group>"; };
		5517B2B62122112600BB150B /* TrendingListViewController.swift */ = {isa = PBXFileReference; lastKnownFileType = sourcecode.swift; path = TrendingListViewController.swift; sourceTree = "<group>"; };
		5517B2B82122112600BB150B /* TrendingListViewController.xib */ = {isa = PBXFileReference; lastKnownFileType = file.xib; path = TrendingListViewController.xib; sourceTree = "<group>"; };
		5517B2BE212211EC00BB150B /* TrendingListViewControllerFactory.swift */ = {isa = PBXFileReference; lastKnownFileType = sourcecode.swift; path = TrendingListViewControllerFactory.swift; sourceTree = "<group>"; };
		5517B2C1212219B700BB150B /* GiphyRepository.swift */ = {isa = PBXFileReference; lastKnownFileType = sourcecode.swift; path = GiphyRepository.swift; sourceTree = "<group>"; };
		5517B2C3212219EB00BB150B /* GIF.swift */ = {isa = PBXFileReference; lastKnownFileType = sourcecode.swift; path = GIF.swift; sourceTree = "<group>"; };
		5517B2C521221A8600BB150B /* LoadTrendingListUseCase.swift */ = {isa = PBXFileReference; lastKnownFileType = sourcecode.swift; path = LoadTrendingListUseCase.swift; sourceTree = "<group>"; };
		553B8189216CF64700CB2B26 /* RxPlayTests.xctest */ = {isa = PBXFileReference; explicitFileType = wrapper.cfbundle; includeInIndex = 0; path = RxPlayTests.xctest; sourceTree = BUILT_PRODUCTS_DIR; };
		553B818D216CF64700CB2B26 /* Info.plist */ = {isa = PBXFileReference; lastKnownFileType = text.plist.xml; path = Info.plist; sourceTree = "<group>"; };
		553B8194216CF73900CB2B26 /* SearchViewModelTests.swift */ = {isa = PBXFileReference; lastKnownFileType = sourcecode.swift; path = SearchViewModelTests.swift; sourceTree = "<group>"; };
		553D8021216E12E50079ECCD /* MockRemoteAPI.swift */ = {isa = PBXFileReference; lastKnownFileType = sourcecode.swift; path = MockRemoteAPI.swift; sourceTree = "<group>"; };
		553D802621708ADB0079ECCD /* SearchUseCaseMock.swift */ = {isa = PBXFileReference; lastKnownFileType = sourcecode.swift; path = SearchUseCaseMock.swift; sourceTree = "<group>"; };
		553D802821708FEB0079ECCD /* ModelsMock.swift */ = {isa = PBXFileReference; lastKnownFileType = sourcecode.swift; path = ModelsMock.swift; sourceTree = "<group>"; };
		556655FA212569CA008D162E /* GiphyAPI.swift */ = {isa = PBXFileReference; lastKnownFileType = sourcecode.swift; path = GiphyAPI.swift; sourceTree = "<group>"; };
		556655FE21257BD4008D162E /* RequestBuilder.swift */ = {isa = PBXFileReference; lastKnownFileType = sourcecode.swift; path = RequestBuilder.swift; sourceTree = "<group>"; };
		556656002125966E008D162E /* GIFListResponse.swift */ = {isa = PBXFileReference; lastKnownFileType = sourcecode.swift; path = GIFListResponse.swift; sourceTree = "<group>"; };
		556656052125BC02008D162E /* GIFPreviewTableViewCell.swift */ = {isa = PBXFileReference; lastKnownFileType = sourcecode.swift; path = GIFPreviewTableViewCell.swift; sourceTree = "<group>"; };
		556656062125BC02008D162E /* GIFPreviewTableViewCell.xib */ = {isa = PBXFileReference; lastKnownFileType = file.xib; path = GIFPreviewTableViewCell.xib; sourceTree = "<group>"; };
		556656092125C0B4008D162E /* Media.swift */ = {isa = PBXFileReference; lastKnownFileType = sourcecode.swift; path = Media.swift; sourceTree = "<group>"; };
		5566560B2125C0FC008D162E /* Images.swift */ = {isa = PBXFileReference; lastKnownFileType = sourcecode.swift; path = Images.swift; sourceTree = "<group>"; };
		5566560D2126C0CA008D162E /* TabBarControllerFactory.swift */ = {isa = PBXFileReference; lastKnownFileType = sourcecode.swift; path = TabBarControllerFactory.swift; sourceTree = "<group>"; };
		556656132126F43E008D162E /* SearchViewModel.swift */ = {isa = PBXFileReference; lastKnownFileType = sourcecode.swift; path = SearchViewModel.swift; sourceTree = "<group>"; };
		556656142126F43E008D162E /* SearchViewController.swift */ = {isa = PBXFileReference; lastKnownFileType = sourcecode.swift; path = SearchViewController.swift; sourceTree = "<group>"; };
		556656162126F43E008D162E /* SearchViewController.xib */ = {isa = PBXFileReference; lastKnownFileType = file.xib; path = SearchViewController.xib; sourceTree = "<group>"; };
		5566561C2126F45A008D162E /* SearchViewControllerFactory.swift */ = {isa = PBXFileReference; lastKnownFileType = sourcecode.swift; path = SearchViewControllerFactory.swift; sourceTree = "<group>"; };
		5566561E21271AB4008D162E /* SearchUseCase.swift */ = {isa = PBXFileReference; lastKnownFileType = sourcecode.swift; path = SearchUseCase.swift; sourceTree = "<group>"; };
		55665623212B44DA008D162E /* SearchViewModelFactory.swift */ = {isa = PBXFileReference; lastKnownFileType = sourcecode.swift; path = SearchViewModelFactory.swift; sourceTree = "<group>"; };
		55665625212B5DF9008D162E /* TrendingListViewModelFactory.swift */ = {isa = PBXFileReference; lastKnownFileType = sourcecode.swift; path = TrendingListViewModelFactory.swift; sourceTree = "<group>"; };
		89BBD00F528F0DDDAB2BA6DC /* Pods-RxPlayTests.release.xcconfig */ = {isa = PBXFileReference; includeInIndex = 1; lastKnownFileType = text.xcconfig; name = "Pods-RxPlayTests.release.xcconfig"; path = "Pods/Target Support Files/Pods-RxPlayTests/Pods-RxPlayTests.release.xcconfig"; sourceTree = "<group>"; };
		94D69F9E1E53E094DCABB1CE /* Pods_RxPlayTests.framework */ = {isa = PBXFileReference; explicitFileType = wrapper.framework; includeInIndex = 0; path = Pods_RxPlayTests.framework; sourceTree = BUILT_PRODUCTS_DIR; };
		BABF5D92F514F33B181DA989 /* Pods-RxPlayTests.debug.xcconfig */ = {isa = PBXFileReference; includeInIndex = 1; lastKnownFileType = text.xcconfig; name = "Pods-RxPlayTests.debug.xcconfig"; path = "Pods/Target Support Files/Pods-RxPlayTests/Pods-RxPlayTests.debug.xcconfig"; sourceTree = "<group>"; };
/* End PBXFileReference section */

/* Begin PBXFrameworksBuildPhase section */
		5517B1FE212204DC00BB150B /* Frameworks */ = {
			isa = PBXFrameworksBuildPhase;
			buildActionMask = 2147483647;
			files = (
				6919E673922A4EC311BF1A5A /* Pods_RxPlay.framework in Frameworks */,
			);
			runOnlyForDeploymentPostprocessing = 0;
		};
		553B8186216CF64700CB2B26 /* Frameworks */ = {
			isa = PBXFrameworksBuildPhase;
			buildActionMask = 2147483647;
			files = (
				A8829C913B8BC854A33D64C2 /* Pods_RxPlayTests.framework in Frameworks */,
			);
			runOnlyForDeploymentPostprocessing = 0;
		};
/* End PBXFrameworksBuildPhase section */

/* Begin PBXGroup section */
		0784F0940DA83CA9CFC87519 /* Frameworks */ = {
			isa = PBXGroup;
			children = (
				1F6AC5DECD583781BD8B1E0A /* Pods_RxPlay.framework */,
				94D69F9E1E53E094DCABB1CE /* Pods_RxPlayTests.framework */,
			);
			name = Frameworks;
			sourceTree = "<group>";
		};
		5517B1F8212204DB00BB150B = {
			isa = PBXGroup;
			children = (
				5517B203212204DC00BB150B /* RxPlay */,
				553B818A216CF64700CB2B26 /* RxPlayTests */,
				5517B202212204DC00BB150B /* Products */,
				C50817A553A40866299EB8B5 /* Pods */,
				0784F0940DA83CA9CFC87519 /* Frameworks */,
			);
			sourceTree = "<group>";
		};
		5517B202212204DC00BB150B /* Products */ = {
			isa = PBXGroup;
			children = (
				5517B201212204DC00BB150B /* RxPlay.app */,
				553B8189216CF64700CB2B26 /* RxPlayTests.xctest */,
			);
			name = Products;
			sourceTree = "<group>";
		};
		5517B203212204DC00BB150B /* RxPlay */ = {
			isa = PBXGroup;
			children = (
				5517B204212204DC00BB150B /* AppDelegate.swift */,
				5517B210212204DD00BB150B /* Info.plist */,
				5517B22C2122056F00BB150B /* Assets */,
				5517B269212205ED00BB150B /* Extensions */,
				5517B291212205ED00BB150B /* Helpers */,
				5517B27A212205ED00BB150B /* Common */,
				5517B2162122055C00BB150B /* Data */,
				5517B232212205E500BB150B /* Dependencies */,
				5517B262212205ED00BB150B /* Use Cases */,
				5517B26D212205ED00BB150B /* Views */,
				556656032125BBCD008D162E /* Components */,
			);
			path = RxPlay;
			sourceTree = "<group>";
		};
		5517B2162122055C00BB150B /* Data */ = {
			isa = PBXGroup;
			children = (
				5517B2C1212219B700BB150B /* GiphyRepository.swift */,
				5517B2172122055C00BB150B /* Models */,
				5517B21A2122055C00BB150B /* Remote */,
			);
			path = Data;
			sourceTree = "<group>";
		};
		5517B2172122055C00BB150B /* Models */ = {
			isa = PBXGroup;
			children = (
				5517B2C3212219EB00BB150B /* GIF.swift */,
				556656092125C0B4008D162E /* Media.swift */,
				5566560B2125C0FC008D162E /* Images.swift */,
			);
			path = Models;
			sourceTree = "<group>";
		};
		5517B21A2122055C00BB150B /* Remote */ = {
			isa = PBXGroup;
			children = (
				5517B21B2122055C00BB150B /* RemoteAPI.swift */,
				556655FA212569CA008D162E /* GiphyAPI.swift */,
				5566560221259BCA008D162E /* Request */,
				5517B21D2122055C00BB150B /* Response */,
			);
			path = Remote;
			sourceTree = "<group>";
		};
		5517B21D2122055C00BB150B /* Response */ = {
			isa = PBXGroup;
			children = (
				556656002125966E008D162E /* GIFListResponse.swift */,
			);
			path = Response;
			sourceTree = "<group>";
		};
		5517B22C2122056F00BB150B /* Assets */ = {
			isa = PBXGroup;
			children = (
				5517B20B212204DD00BB150B /* Assets.xcassets */,
				5517B22E2122056F00BB150B /* LaunchScreen.storyboard */,
			);
			path = Assets;
			sourceTree = "<group>";
		};
		5517B232212205E500BB150B /* Dependencies */ = {
			isa = PBXGroup;
			children = (
				5517B240212205E500BB150B /* Containers */,
				55665622212B44C2008D162E /* View Model Factories */,
				5517B239212205E500BB150B /* View Controller Factories */,
			);
			path = Dependencies;
			sourceTree = "<group>";
		};
		5517B239212205E500BB150B /* View Controller Factories */ = {
			isa = PBXGroup;
			children = (
				5566560D2126C0CA008D162E /* TabBarControllerFactory.swift */,
				5517B2BE212211EC00BB150B /* TrendingListViewControllerFactory.swift */,
				5566561C2126F45A008D162E /* SearchViewControllerFactory.swift */,
			);
			path = "View Controller Factories";
			sourceTree = "<group>";
		};
		5517B240212205E500BB150B /* Containers */ = {
			isa = PBXGroup;
			children = (
				5517B249212205E500BB150B /* DependencyProvider.swift */,
				5517B241212205E500BB150B /* DependencyContainer.swift */,
			);
			path = Containers;
			sourceTree = "<group>";
		};
		5517B262212205ED00BB150B /* Use Cases */ = {
			isa = PBXGroup;
			children = (
				5517B2C521221A8600BB150B /* LoadTrendingListUseCase.swift */,
				5566561E21271AB4008D162E /* SearchUseCase.swift */,
			);
			path = "Use Cases";
			sourceTree = "<group>";
		};
		5517B269212205ED00BB150B /* Extensions */ = {
			isa = PBXGroup;
			children = (
				5517B26A212205ED00BB150B /* UIColor+Extensions.swift */,
				5517B26C212205ED00BB150B /* UserDefaults+Extensions.swift */,
			);
			path = Extensions;
			sourceTree = "<group>";
		};
		5517B26D212205ED00BB150B /* Views */ = {
			isa = PBXGroup;
			children = (
				556656122126F42D008D162E /* Search */,
				5566560F2126D2E7008D162E /* TrendingList */,
			);
			path = Views;
			sourceTree = "<group>";
		};
		5517B27A212205ED00BB150B /* Common */ = {
			isa = PBXGroup;
			children = (
				5517B27B212205ED00BB150B /* View.swift */,
				5517B27C212205ED00BB150B /* LoaderViewable.swift */,
				5517B27D212205ED00BB150B /* Presenter.swift */,
				5517B27E212205ED00BB150B /* DismissableView.swift */,
			);
			path = Common;
			sourceTree = "<group>";
		};
		5517B291212205ED00BB150B /* Helpers */ = {
			isa = PBXGroup;
			children = (
			);
			path = Helpers;
			sourceTree = "<group>";
		};
		5517B2BD2122113000BB150B /* ViewController */ = {
			isa = PBXGroup;
			children = (
				5517B2B62122112600BB150B /* TrendingListViewController.swift */,
				5517B2B82122112600BB150B /* TrendingListViewController.xib */,
			);
			path = ViewController;
			sourceTree = "<group>";
		};
		553B818A216CF64700CB2B26 /* RxPlayTests */ = {
			isa = PBXGroup;
			children = (
				553B818D216CF64700CB2B26 /* Info.plist */,
				553D8021216E12E50079ECCD /* MockRemoteAPI.swift */,
				553B8193216CF71600CB2B26 /* ViewModels */,
				553D802521708AC70079ECCD /* Mock */,
			);
			path = RxPlayTests;
			sourceTree = "<group>";
		};
		553B8193216CF71600CB2B26 /* ViewModels */ = {
			isa = PBXGroup;
			children = (
				553B8194216CF73900CB2B26 /* SearchViewModelTests.swift */,
			);
			path = ViewModels;
			sourceTree = "<group>";
		};
		553D802521708AC70079ECCD /* Mock */ = {
			isa = PBXGroup;
			children = (
				553D802621708ADB0079ECCD /* SearchUseCaseMock.swift */,
				553D802821708FEB0079ECCD /* ModelsMock.swift */,
			);
			path = Mock;
			sourceTree = "<group>";
		};
		5566560221259BCA008D162E /* Request */ = {
			isa = PBXGroup;
			children = (
				5517B2222122055C00BB150B /* Route.swift */,
				556655FE21257BD4008D162E /* RequestBuilder.swift */,
				5517B21C2122055C00BB150B /* Requestable.swift */,
			);
			path = Request;
			sourceTree = "<group>";
		};
		556656032125BBCD008D162E /* Components */ = {
			isa = PBXGroup;
			children = (
				556656042125BBDC008D162E /* Cells */,
			);
			path = Components;
			sourceTree = "<group>";
		};
		556656042125BBDC008D162E /* Cells */ = {
			isa = PBXGroup;
			children = (
				556656052125BC02008D162E /* GIFPreviewTableViewCell.swift */,
				556656062125BC02008D162E /* GIFPreviewTableViewCell.xib */,
			);
			path = Cells;
			sourceTree = "<group>";
		};
		5566560F2126D2E7008D162E /* TrendingList */ = {
			isa = PBXGroup;
			children = (
				5517B2B52122112600BB150B /* TrendingListViewModel.swift */,
				5517B2BD2122113000BB150B /* ViewController */,
			);
			path = TrendingList;
			sourceTree = "<group>";
		};
		556656122126F42D008D162E /* Search */ = {
			isa = PBXGroup;
			children = (
				556656132126F43E008D162E /* SearchViewModel.swift */,
				5566561B2126F444008D162E /* ViewController */,
			);
			path = Search;
			sourceTree = "<group>";
		};
		5566561B2126F444008D162E /* ViewController */ = {
			isa = PBXGroup;
			children = (
				556656142126F43E008D162E /* SearchViewController.swift */,
				556656162126F43E008D162E /* SearchViewController.xib */,
			);
			path = ViewController;
			sourceTree = "<group>";
		};
		55665622212B44C2008D162E /* View Model Factories */ = {
			isa = PBXGroup;
			children = (
				55665623212B44DA008D162E /* SearchViewModelFactory.swift */,
				55665625212B5DF9008D162E /* TrendingListViewModelFactory.swift */,
			);
			path = "View Model Factories";
			sourceTree = "<group>";
		};
		C50817A553A40866299EB8B5 /* Pods */ = {
			isa = PBXGroup;
			children = (
				27C871628DF801A7587F50D5 /* Pods-RxPlay.debug.xcconfig */,
				16B6BC7FFCDF4E36BCFE3B26 /* Pods-RxPlay.release.xcconfig */,
				BABF5D92F514F33B181DA989 /* Pods-RxPlayTests.debug.xcconfig */,
				89BBD00F528F0DDDAB2BA6DC /* Pods-RxPlayTests.release.xcconfig */,
			);
			name = Pods;
			sourceTree = "<group>";
		};
/* End PBXGroup section */

/* Begin PBXNativeTarget section */
		5517B200212204DC00BB150B /* RxPlay */ = {
			isa = PBXNativeTarget;
			buildConfigurationList = 5517B213212204DD00BB150B /* Build configuration list for PBXNativeTarget "RxPlay" */;
			buildPhases = (
				2A571E43689520AE5AA810D5 /* [CP] Check Pods Manifest.lock */,
				5517B1FD212204DC00BB150B /* Sources */,
				5517B1FE212204DC00BB150B /* Frameworks */,
				5517B1FF212204DC00BB150B /* Resources */,
				F0318CC44C279F8CE35FD31B /* [CP] Embed Pods Frameworks */,
				5517B2C02122127500BB150B /* Swiftlint */,
			);
			buildRules = (
			);
			dependencies = (
			);
			name = RxPlay;
			productName = RxPlay;
			productReference = 5517B201212204DC00BB150B /* RxPlay.app */;
			productType = "com.apple.product-type.application";
		};
		553B8188216CF64700CB2B26 /* RxPlayTests */ = {
			isa = PBXNativeTarget;
			buildConfigurationList = 553B8192216CF64700CB2B26 /* Build configuration list for PBXNativeTarget "RxPlayTests" */;
			buildPhases = (
				6A9C86D8D7962FCCEBE5C631 /* [CP] Check Pods Manifest.lock */,
				553B8185216CF64700CB2B26 /* Sources */,
				553B8186216CF64700CB2B26 /* Frameworks */,
				553B8187216CF64700CB2B26 /* Resources */,
				0A001B383F34C25791C37983 /* [CP] Embed Pods Frameworks */,
			);
			buildRules = (
			);
			dependencies = (
				553B818F216CF64700CB2B26 /* PBXTargetDependency */,
			);
			name = RxPlayTests;
			productName = RxPlayTests;
			productReference = 553B8189216CF64700CB2B26 /* RxPlayTests.xctest */;
			productType = "com.apple.product-type.bundle.unit-test";
		};
/* End PBXNativeTarget section */

/* Begin PBXProject section */
		5517B1F9212204DB00BB150B /* Project object */ = {
			isa = PBXProject;
			attributes = {
				LastSwiftUpdateCheck = 1000;
				LastUpgradeCheck = 0940;
				ORGANIZATIONNAME = Bennet;
				TargetAttributes = {
					5517B200212204DC00BB150B = {
						CreatedOnToolsVersion = 9.4.1;
					};
					553B8188216CF64700CB2B26 = {
						CreatedOnToolsVersion = 10.0;
						TestTargetID = 5517B200212204DC00BB150B;
					};
				};
			};
			buildConfigurationList = 5517B1FC212204DB00BB150B /* Build configuration list for PBXProject "RxPlay" */;
			compatibilityVersion = "Xcode 9.3";
			developmentRegion = en;
			hasScannedForEncodings = 0;
			knownRegions = (
				en,
				Base,
			);
			mainGroup = 5517B1F8212204DB00BB150B;
			productRefGroup = 5517B202212204DC00BB150B /* Products */;
			projectDirPath = "";
			projectRoot = "";
			targets = (
				5517B200212204DC00BB150B /* RxPlay */,
				553B8188216CF64700CB2B26 /* RxPlayTests */,
			);
		};
/* End PBXProject section */

/* Begin PBXResourcesBuildPhase section */
		5517B1FF212204DC00BB150B /* Resources */ = {
			isa = PBXResourcesBuildPhase;
			buildActionMask = 2147483647;
			files = (
				5517B2BC2122112600BB150B /* TrendingListViewController.xib in Resources */,
				5517B2312122056F00BB150B /* LaunchScreen.storyboard in Resources */,
				5517B20C212204DD00BB150B /* Assets.xcassets in Resources */,
				5566561A2126F43E008D162E /* SearchViewController.xib in Resources */,
				556656082125BC02008D162E /* GIFPreviewTableViewCell.xib in Resources */,
			);
			runOnlyForDeploymentPostprocessing = 0;
		};
		553B8187216CF64700CB2B26 /* Resources */ = {
			isa = PBXResourcesBuildPhase;
			buildActionMask = 2147483647;
			files = (
			);
			runOnlyForDeploymentPostprocessing = 0;
		};
/* End PBXResourcesBuildPhase section */

/* Begin PBXShellScriptBuildPhase section */
		0A001B383F34C25791C37983 /* [CP] Embed Pods Frameworks */ = {
			isa = PBXShellScriptBuildPhase;
			buildActionMask = 2147483647;
			files = (
			);
			inputPaths = (
				"${SRCROOT}/Pods/Target Support Files/Pods-RxPlayTests/Pods-RxPlayTests-frameworks.sh",
				"${BUILT_PRODUCTS_DIR}/RxCocoa/RxCocoa.framework",
				"${BUILT_PRODUCTS_DIR}/RxSwift/RxSwift.framework",
				"${BUILT_PRODUCTS_DIR}/RxBlocking/RxBlocking.framework",
				"${BUILT_PRODUCTS_DIR}/RxTest/RxTest.framework",
			);
			name = "[CP] Embed Pods Frameworks";
			outputPaths = (
				"${TARGET_BUILD_DIR}/${FRAMEWORKS_FOLDER_PATH}/RxCocoa.framework",
				"${TARGET_BUILD_DIR}/${FRAMEWORKS_FOLDER_PATH}/RxSwift.framework",
				"${TARGET_BUILD_DIR}/${FRAMEWORKS_FOLDER_PATH}/RxBlocking.framework",
				"${TARGET_BUILD_DIR}/${FRAMEWORKS_FOLDER_PATH}/RxTest.framework",
			);
			runOnlyForDeploymentPostprocessing = 0;
			shellPath = /bin/sh;
			shellScript = "\"${SRCROOT}/Pods/Target Support Files/Pods-RxPlayTests/Pods-RxPlayTests-frameworks.sh\"\n";
			showEnvVarsInLog = 0;
		};
		2A571E43689520AE5AA810D5 /* [CP] Check Pods Manifest.lock */ = {
			isa = PBXShellScriptBuildPhase;
			buildActionMask = 2147483647;
			files = (
			);
			inputPaths = (
				"${PODS_PODFILE_DIR_PATH}/Podfile.lock",
				"${PODS_ROOT}/Manifest.lock",
			);
			name = "[CP] Check Pods Manifest.lock";
			outputPaths = (
				"$(DERIVED_FILE_DIR)/Pods-RxPlay-checkManifestLockResult.txt",
			);
			runOnlyForDeploymentPostprocessing = 0;
			shellPath = /bin/sh;
			shellScript = "diff \"${PODS_PODFILE_DIR_PATH}/Podfile.lock\" \"${PODS_ROOT}/Manifest.lock\" > /dev/null\nif [ $? != 0 ] ; then\n    # print error to STDERR\n    echo \"error: The sandbox is not in sync with the Podfile.lock. Run 'pod install' or update your CocoaPods installation.\" >&2\n    exit 1\nfi\n# This output is used by Xcode 'outputs' to avoid re-running this script phase.\necho \"SUCCESS\" > \"${SCRIPT_OUTPUT_FILE_0}\"\n";
			showEnvVarsInLog = 0;
		};
		5517B2C02122127500BB150B /* Swiftlint */ = {
			isa = PBXShellScriptBuildPhase;
			buildActionMask = 2147483647;
			files = (
			);
			inputPaths = (
			);
			name = Swiftlint;
			outputPaths = (
			);
			runOnlyForDeploymentPostprocessing = 0;
			shellPath = /bin/sh;
			shellScript = "${PODS_ROOT}/SwiftLint/swiftlint autocorrect\n${PODS_ROOT}/SwiftLint/swiftlint\n";
		};
		6A9C86D8D7962FCCEBE5C631 /* [CP] Check Pods Manifest.lock */ = {
			isa = PBXShellScriptBuildPhase;
			buildActionMask = 2147483647;
			files = (
			);
			inputPaths = (
				"${PODS_PODFILE_DIR_PATH}/Podfile.lock",
				"${PODS_ROOT}/Manifest.lock",
			);
			name = "[CP] Check Pods Manifest.lock";
			outputPaths = (
				"$(DERIVED_FILE_DIR)/Pods-RxPlayTests-checkManifestLockResult.txt",
			);
			runOnlyForDeploymentPostprocessing = 0;
			shellPath = /bin/sh;
			shellScript = "diff \"${PODS_PODFILE_DIR_PATH}/Podfile.lock\" \"${PODS_ROOT}/Manifest.lock\" > /dev/null\nif [ $? != 0 ] ; then\n    # print error to STDERR\n    echo \"error: The sandbox is not in sync with the Podfile.lock. Run 'pod install' or update your CocoaPods installation.\" >&2\n    exit 1\nfi\n# This output is used by Xcode 'outputs' to avoid re-running this script phase.\necho \"SUCCESS\" > \"${SCRIPT_OUTPUT_FILE_0}\"\n";
			showEnvVarsInLog = 0;
		};
		F0318CC44C279F8CE35FD31B /* [CP] Embed Pods Frameworks */ = {
			isa = PBXShellScriptBuildPhase;
			buildActionMask = 2147483647;
			files = (
			);
			inputPaths = (
				"${SRCROOT}/Pods/Target Support Files/Pods-RxPlay/Pods-RxPlay-frameworks.sh",
				"${BUILT_PRODUCTS_DIR}/Alamofire/Alamofire.framework",
				"${BUILT_PRODUCTS_DIR}/Kingfisher/Kingfisher.framework",
				"${BUILT_PRODUCTS_DIR}/Reusable/Reusable.framework",
				"${BUILT_PRODUCTS_DIR}/RxAlamofire/RxAlamofire.framework",
				"${BUILT_PRODUCTS_DIR}/RxCocoa/RxCocoa.framework",
				"${BUILT_PRODUCTS_DIR}/RxSwift/RxSwift.framework",
				"${BUILT_PRODUCTS_DIR}/SnapKit/SnapKit.framework",
				"${BUILT_PRODUCTS_DIR}/SwiftyGif/SwiftyGif.framework",
			);
			name = "[CP] Embed Pods Frameworks";
			outputPaths = (
				"${TARGET_BUILD_DIR}/${FRAMEWORKS_FOLDER_PATH}/Alamofire.framework",
				"${TARGET_BUILD_DIR}/${FRAMEWORKS_FOLDER_PATH}/Kingfisher.framework",
				"${TARGET_BUILD_DIR}/${FRAMEWORKS_FOLDER_PATH}/Reusable.framework",
				"${TARGET_BUILD_DIR}/${FRAMEWORKS_FOLDER_PATH}/RxAlamofire.framework",
				"${TARGET_BUILD_DIR}/${FRAMEWORKS_FOLDER_PATH}/RxCocoa.framework",
				"${TARGET_BUILD_DIR}/${FRAMEWORKS_FOLDER_PATH}/RxSwift.framework",
				"${TARGET_BUILD_DIR}/${FRAMEWORKS_FOLDER_PATH}/SnapKit.framework",
				"${TARGET_BUILD_DIR}/${FRAMEWORKS_FOLDER_PATH}/SwiftyGif.framework",
			);
			runOnlyForDeploymentPostprocessing = 0;
			shellPath = /bin/sh;
			shellScript = "\"${SRCROOT}/Pods/Target Support Files/Pods-RxPlay/Pods-RxPlay-frameworks.sh\"\n";
			showEnvVarsInLog = 0;
		};
/* End PBXShellScriptBuildPhase section */

/* Begin PBXSourcesBuildPhase section */
		5517B1FD212204DC00BB150B /* Sources */ = {
			isa = PBXSourcesBuildPhase;
			buildActionMask = 2147483647;
			files = (
				556656182126F43E008D162E /* SearchViewController.swift in Sources */,
				556656172126F43E008D162E /* SearchViewModel.swift in Sources */,
				5566560E2126C0CA008D162E /* TabBarControllerFactory.swift in Sources */,
				5517B2BA2122112600BB150B /* TrendingListViewController.swift in Sources */,
				5517B2A5212205ED00BB150B /* LoaderViewable.swift in Sources */,
				5517B299212205ED00BB150B /* UIColor+Extensions.swift in Sources */,
				556655FF21257BD4008D162E /* RequestBuilder.swift in Sources */,
				5566560C2125C0FC008D162E /* Images.swift in Sources */,
				5566561F21271AB4008D162E /* SearchUseCase.swift in Sources */,
				55665624212B44DA008D162E /* SearchViewModelFactory.swift in Sources */,
				5517B2C621221A8600BB150B /* LoadTrendingListUseCase.swift in Sources */,
				5517B2C4212219EB00BB150B /* GIF.swift in Sources */,
				5517B2A7212205ED00BB150B /* DismissableView.swift in Sources */,
				5517B2C2212219B700BB150B /* GiphyRepository.swift in Sources */,
				556655FB212569CA008D162E /* GiphyAPI.swift in Sources */,
				5566560A2125C0B4008D162E /* Media.swift in Sources */,
				556656012125966E008D162E /* GIFListResponse.swift in Sources */,
				55665626212B5DF9008D162E /* TrendingListViewModelFactory.swift in Sources */,
				5517B2BF212211EC00BB150B /* TrendingListViewControllerFactory.swift in Sources */,
				5517B22B2122055C00BB150B /* Route.swift in Sources */,
				5566561D2126F45A008D162E /* SearchViewControllerFactory.swift in Sources */,
				5517B25F212205E500BB150B /* DependencyProvider.swift in Sources */,
				5517B2262122055C00BB150B /* Requestable.swift in Sources */,
				5517B29B212205ED00BB150B /* UserDefaults+Extensions.swift in Sources */,
				556656072125BC02008D162E /* GIFPreviewTableViewCell.swift in Sources */,
				5517B205212204DC00BB150B /* AppDelegate.swift in Sources */,
				5517B2A4212205ED00BB150B /* View.swift in Sources */,
				5517B25A212205E500BB150B /* DependencyContainer.swift in Sources */,
				5517B2B92122112600BB150B /* TrendingListViewModel.swift in Sources */,
				5517B2A6212205ED00BB150B /* Presenter.swift in Sources */,
				5517B2252122055C00BB150B /* RemoteAPI.swift in Sources */,
			);
			runOnlyForDeploymentPostprocessing = 0;
		};
		553B8185216CF64700CB2B26 /* Sources */ = {
			isa = PBXSourcesBuildPhase;
			buildActionMask = 2147483647;
			files = (
				553D802721708ADB0079ECCD /* SearchUseCaseMock.swift in Sources */,
				553D802921708FEB0079ECCD /* ModelsMock.swift in Sources */,
				553D8022216E12E50079ECCD /* MockRemoteAPI.swift in Sources */,
				553B8195216CF73900CB2B26 /* SearchViewModelTests.swift in Sources */,
			);
			runOnlyForDeploymentPostprocessing = 0;
		};
/* End PBXSourcesBuildPhase section */

/* Begin PBXTargetDependency section */
		553B818F216CF64700CB2B26 /* PBXTargetDependency */ = {
			isa = PBXTargetDependency;
			target = 5517B200212204DC00BB150B /* RxPlay */;
			targetProxy = 553B818E216CF64700CB2B26 /* PBXContainerItemProxy */;
		};
/* End PBXTargetDependency section */

/* Begin PBXVariantGroup section */
		5517B22E2122056F00BB150B /* LaunchScreen.storyboard */ = {
			isa = PBXVariantGroup;
			children = (
				5517B22F2122056F00BB150B /* Base */,
			);
			name = LaunchScreen.storyboard;
			sourceTree = "<group>";
		};
/* End PBXVariantGroup section */

/* Begin XCBuildConfiguration section */
		5517B211212204DD00BB150B /* Debug */ = {
			isa = XCBuildConfiguration;
			buildSettings = {
				ALWAYS_SEARCH_USER_PATHS = NO;
				CLANG_ANALYZER_NONNULL = YES;
				CLANG_ANALYZER_NUMBER_OBJECT_CONVERSION = YES_AGGRESSIVE;
				CLANG_CXX_LANGUAGE_STANDARD = "gnu++14";
				CLANG_CXX_LIBRARY = "libc++";
				CLANG_ENABLE_MODULES = YES;
				CLANG_ENABLE_OBJC_ARC = YES;
				CLANG_ENABLE_OBJC_WEAK = YES;
				CLANG_WARN_BLOCK_CAPTURE_AUTORELEASING = YES;
				CLANG_WARN_BOOL_CONVERSION = YES;
				CLANG_WARN_COMMA = YES;
				CLANG_WARN_CONSTANT_CONVERSION = YES;
				CLANG_WARN_DEPRECATED_OBJC_IMPLEMENTATIONS = YES;
				CLANG_WARN_DIRECT_OBJC_ISA_USAGE = YES_ERROR;
				CLANG_WARN_DOCUMENTATION_COMMENTS = YES;
				CLANG_WARN_EMPTY_BODY = YES;
				CLANG_WARN_ENUM_CONVERSION = YES;
				CLANG_WARN_INFINITE_RECURSION = YES;
				CLANG_WARN_INT_CONVERSION = YES;
				CLANG_WARN_NON_LITERAL_NULL_CONVERSION = YES;
				CLANG_WARN_OBJC_IMPLICIT_RETAIN_SELF = YES;
				CLANG_WARN_OBJC_LITERAL_CONVERSION = YES;
				CLANG_WARN_OBJC_ROOT_CLASS = YES_ERROR;
				CLANG_WARN_RANGE_LOOP_ANALYSIS = YES;
				CLANG_WARN_STRICT_PROTOTYPES = YES;
				CLANG_WARN_SUSPICIOUS_MOVE = YES;
				CLANG_WARN_UNGUARDED_AVAILABILITY = YES_AGGRESSIVE;
				CLANG_WARN_UNREACHABLE_CODE = YES;
				CLANG_WARN__DUPLICATE_METHOD_MATCH = YES;
				CODE_SIGN_IDENTITY = "iPhone Developer";
				COPY_PHASE_STRIP = NO;
				DEBUG_INFORMATION_FORMAT = dwarf;
				ENABLE_STRICT_OBJC_MSGSEND = YES;
				ENABLE_TESTABILITY = YES;
				GCC_C_LANGUAGE_STANDARD = gnu11;
				GCC_DYNAMIC_NO_PIC = NO;
				GCC_NO_COMMON_BLOCKS = YES;
				GCC_OPTIMIZATION_LEVEL = 0;
				GCC_PREPROCESSOR_DEFINITIONS = (
					"DEBUG=1",
					"$(inherited)",
				);
				GCC_WARN_64_TO_32_BIT_CONVERSION = YES;
				GCC_WARN_ABOUT_RETURN_TYPE = YES_ERROR;
				GCC_WARN_UNDECLARED_SELECTOR = YES;
				GCC_WARN_UNINITIALIZED_AUTOS = YES_AGGRESSIVE;
				GCC_WARN_UNUSED_FUNCTION = YES;
				GCC_WARN_UNUSED_VARIABLE = YES;
				IPHONEOS_DEPLOYMENT_TARGET = 11.4;
				MTL_ENABLE_DEBUG_INFO = YES;
				ONLY_ACTIVE_ARCH = YES;
				SDKROOT = iphoneos;
				SWIFT_ACTIVE_COMPILATION_CONDITIONS = DEBUG;
				SWIFT_OPTIMIZATION_LEVEL = "-Onone";
			};
			name = Debug;
		};
		5517B212212204DD00BB150B /* Release */ = {
			isa = XCBuildConfiguration;
			buildSettings = {
				ALWAYS_SEARCH_USER_PATHS = NO;
				CLANG_ANALYZER_NONNULL = YES;
				CLANG_ANALYZER_NUMBER_OBJECT_CONVERSION = YES_AGGRESSIVE;
				CLANG_CXX_LANGUAGE_STANDARD = "gnu++14";
				CLANG_CXX_LIBRARY = "libc++";
				CLANG_ENABLE_MODULES = YES;
				CLANG_ENABLE_OBJC_ARC = YES;
				CLANG_ENABLE_OBJC_WEAK = YES;
				CLANG_WARN_BLOCK_CAPTURE_AUTORELEASING = YES;
				CLANG_WARN_BOOL_CONVERSION = YES;
				CLANG_WARN_COMMA = YES;
				CLANG_WARN_CONSTANT_CONVERSION = YES;
				CLANG_WARN_DEPRECATED_OBJC_IMPLEMENTATIONS = YES;
				CLANG_WARN_DIRECT_OBJC_ISA_USAGE = YES_ERROR;
				CLANG_WARN_DOCUMENTATION_COMMENTS = YES;
				CLANG_WARN_EMPTY_BODY = YES;
				CLANG_WARN_ENUM_CONVERSION = YES;
				CLANG_WARN_INFINITE_RECURSION = YES;
				CLANG_WARN_INT_CONVERSION = YES;
				CLANG_WARN_NON_LITERAL_NULL_CONVERSION = YES;
				CLANG_WARN_OBJC_IMPLICIT_RETAIN_SELF = YES;
				CLANG_WARN_OBJC_LITERAL_CONVERSION = YES;
				CLANG_WARN_OBJC_ROOT_CLASS = YES_ERROR;
				CLANG_WARN_RANGE_LOOP_ANALYSIS = YES;
				CLANG_WARN_STRICT_PROTOTYPES = YES;
				CLANG_WARN_SUSPICIOUS_MOVE = YES;
				CLANG_WARN_UNGUARDED_AVAILABILITY = YES_AGGRESSIVE;
				CLANG_WARN_UNREACHABLE_CODE = YES;
				CLANG_WARN__DUPLICATE_METHOD_MATCH = YES;
				CODE_SIGN_IDENTITY = "iPhone Developer";
				COPY_PHASE_STRIP = NO;
				DEBUG_INFORMATION_FORMAT = "dwarf-with-dsym";
				ENABLE_NS_ASSERTIONS = NO;
				ENABLE_STRICT_OBJC_MSGSEND = YES;
				GCC_C_LANGUAGE_STANDARD = gnu11;
				GCC_NO_COMMON_BLOCKS = YES;
				GCC_WARN_64_TO_32_BIT_CONVERSION = YES;
				GCC_WARN_ABOUT_RETURN_TYPE = YES_ERROR;
				GCC_WARN_UNDECLARED_SELECTOR = YES;
				GCC_WARN_UNINITIALIZED_AUTOS = YES_AGGRESSIVE;
				GCC_WARN_UNUSED_FUNCTION = YES;
				GCC_WARN_UNUSED_VARIABLE = YES;
				IPHONEOS_DEPLOYMENT_TARGET = 11.4;
				MTL_ENABLE_DEBUG_INFO = NO;
				SDKROOT = iphoneos;
				SWIFT_COMPILATION_MODE = wholemodule;
				SWIFT_OPTIMIZATION_LEVEL = "-O";
				VALIDATE_PRODUCT = YES;
			};
			name = Release;
		};
		5517B214212204DD00BB150B /* Debug */ = {
			isa = XCBuildConfiguration;
			baseConfigurationReference = 27C871628DF801A7587F50D5 /* Pods-RxPlay.debug.xcconfig */;
			buildSettings = {
				ASSETCATALOG_COMPILER_APPICON_NAME = AppIcon;
				CODE_SIGN_STYLE = Automatic;
				DEVELOPMENT_TEAM = DK65XMHQHD;
				INFOPLIST_FILE = RxPlay/Info.plist;
				LD_RUNPATH_SEARCH_PATHS = (
					"$(inherited)",
					"@executable_path/Frameworks",
				);
				PRODUCT_BUNDLE_IDENTIFIER = com.bennet.RxPlay;
				PRODUCT_NAME = "$(TARGET_NAME)";
				SWIFT_VERSION = 4.0;
				TARGETED_DEVICE_FAMILY = 1;
			};
			name = Debug;
		};
		5517B215212204DD00BB150B /* Release */ = {
			isa = XCBuildConfiguration;
			baseConfigurationReference = 16B6BC7FFCDF4E36BCFE3B26 /* Pods-RxPlay.release.xcconfig */;
			buildSettings = {
				ASSETCATALOG_COMPILER_APPICON_NAME = AppIcon;
				CODE_SIGN_STYLE = Automatic;
				DEVELOPMENT_TEAM = DK65XMHQHD;
				INFOPLIST_FILE = RxPlay/Info.plist;
				LD_RUNPATH_SEARCH_PATHS = (
					"$(inherited)",
					"@executable_path/Frameworks",
				);
				PRODUCT_BUNDLE_IDENTIFIER = com.bennet.RxPlay;
				PRODUCT_NAME = "$(TARGET_NAME)";
				SWIFT_VERSION = 4.0;
				TARGETED_DEVICE_FAMILY = 1;
			};
			name = Release;
		};
		553B8190216CF64700CB2B26 /* Debug */ = {
			isa = XCBuildConfiguration;
			baseConfigurationReference = BABF5D92F514F33B181DA989 /* Pods-RxPlayTests.debug.xcconfig */;
			buildSettings = {
				BUNDLE_LOADER = "$(TEST_HOST)";
				CODE_SIGN_STYLE = Automatic;
				DEVELOPMENT_TEAM = BPB9XDSHJE;
				INFOPLIST_FILE = RxPlayTests/Info.plist;
				IPHONEOS_DEPLOYMENT_TARGET = 12.0;
				LD_RUNPATH_SEARCH_PATHS = (
					"$(inherited)",
					"@executable_path/Frameworks",
					"@loader_path/Frameworks",
				);
				MTL_ENABLE_DEBUG_INFO = INCLUDE_SOURCE;
				MTL_FAST_MATH = YES;
				PRODUCT_BUNDLE_IDENTIFIER = nl.labela.RxPlayTests;
				PRODUCT_NAME = "$(TARGET_NAME)";
				SWIFT_VERSION = 4.0;
				TARGETED_DEVICE_FAMILY = "1,2";
				TEST_HOST = "$(BUILT_PRODUCTS_DIR)/RxPlay.app/RxPlay";
			};
			name = Debug;
		};
		553B8191216CF64700CB2B26 /* Release */ = {
			isa = XCBuildConfiguration;
			baseConfigurationReference = 89BBD00F528F0DDDAB2BA6DC /* Pods-RxPlayTests.release.xcconfig */;
			buildSettings = {
				BUNDLE_LOADER = "$(TEST_HOST)";
				CODE_SIGN_STYLE = Automatic;
				DEVELOPMENT_TEAM = BPB9XDSHJE;
				INFOPLIST_FILE = RxPlayTests/Info.plist;
				IPHONEOS_DEPLOYMENT_TARGET = 12.0;
				LD_RUNPATH_SEARCH_PATHS = (
					"$(inherited)",
					"@executable_path/Frameworks",
					"@loader_path/Frameworks",
				);
				MTL_FAST_MATH = YES;
				PRODUCT_BUNDLE_IDENTIFIER = nl.labela.RxPlayTests;
				PRODUCT_NAME = "$(TARGET_NAME)";
				SWIFT_VERSION = 4.0;
				TARGETED_DEVICE_FAMILY = "1,2";
				TEST_HOST = "$(BUILT_PRODUCTS_DIR)/RxPlay.app/RxPlay";
			};
			name = Release;
		};
/* End XCBuildConfiguration section */

/* Begin XCConfigurationList section */
		5517B1FC212204DB00BB150B /* Build configuration list for PBXProject "RxPlay" */ = {
			isa = XCConfigurationList;
			buildConfigurations = (
				5517B211212204DD00BB150B /* Debug */,
				5517B212212204DD00BB150B /* Release */,
			);
			defaultConfigurationIsVisible = 0;
			defaultConfigurationName = Release;
		};
		5517B213212204DD00BB150B /* Build configuration list for PBXNativeTarget "RxPlay" */ = {
			isa = XCConfigurationList;
			buildConfigurations = (
				5517B214212204DD00BB150B /* Debug */,
				5517B215212204DD00BB150B /* Release */,
			);
			defaultConfigurationIsVisible = 0;
			defaultConfigurationName = Release;
		};
		553B8192216CF64700CB2B26 /* Build configuration list for PBXNativeTarget "RxPlayTests" */ = {
			isa = XCConfigurationList;
			buildConfigurations = (
				553B8190216CF64700CB2B26 /* Debug */,
				553B8191216CF64700CB2B26 /* Release */,
			);
			defaultConfigurationIsVisible = 0;
			defaultConfigurationName = Release;
		};
/* End XCConfigurationList section */
	};
	rootObject = 5517B1F9212204DB00BB150B /* Project object */;
}
